// !$*UTF8*$!
{
	archiveVersion = 1;
	classes = {
	};
	objectVersion = 56;
	objects = {

/* Begin PBXBuildFile section */
		84343A9B2A1302A700BDCD90 /* AppDelegate.swift in Sources */ = {isa = PBXBuildFile; fileRef = 84343A9A2A1302A700BDCD90 /* AppDelegate.swift */; };
		84343A9D2A1302A700BDCD90 /* SceneDelegate.swift in Sources */ = {isa = PBXBuildFile; fileRef = 84343A9C2A1302A700BDCD90 /* SceneDelegate.swift */; };
		84343A9F2A1302A700BDCD90 /* ViewController.swift in Sources */ = {isa = PBXBuildFile; fileRef = 84343A9E2A1302A700BDCD90 /* ViewController.swift */; };
		84343AA22A1302A700BDCD90 /* Main.storyboard in Resources */ = {isa = PBXBuildFile; fileRef = 84343AA02A1302A700BDCD90 /* Main.storyboard */; };
		84343AA42A1302A800BDCD90 /* Assets.xcassets in Resources */ = {isa = PBXBuildFile; fileRef = 84343AA32A1302A800BDCD90 /* Assets.xcassets */; };
		84343AA72A1302A800BDCD90 /* LaunchScreen.storyboard in Resources */ = {isa = PBXBuildFile; fileRef = 84343AA52A1302A800BDCD90 /* LaunchScreen.storyboard */; };
		84343AB22A1302A900BDCD90 /* SquareupChallengeProjectTests.swift in Sources */ = {isa = PBXBuildFile; fileRef = 84343AB12A1302A900BDCD90 /* SquareupChallengeProjectTests.swift */; };
		84343ABC2A1302A900BDCD90 /* SquareupChallengeProjectUITests.swift in Sources */ = {isa = PBXBuildFile; fileRef = 84343ABB2A1302A900BDCD90 /* SquareupChallengeProjectUITests.swift */; };
		84343ABE2A1302A900BDCD90 /* SquareupChallengeProjectUITestsLaunchTests.swift in Sources */ = {isa = PBXBuildFile; fileRef = 84343ABD2A1302A900BDCD90 /* SquareupChallengeProjectUITestsLaunchTests.swift */; };
/* End PBXBuildFile section */

/* Begin PBXContainerItemProxy section */
		84343AAE2A1302A900BDCD90 /* PBXContainerItemProxy */ = {
			isa = PBXContainerItemProxy;
			containerPortal = 84343A8F2A1302A700BDCD90 /* Project object */;
			proxyType = 1;
			remoteGlobalIDString = 84343A962A1302A700BDCD90;
			remoteInfo = SquareupChallengeProject;
		};
		84343AB82A1302A900BDCD90 /* PBXContainerItemProxy */ = {
			isa = PBXContainerItemProxy;
			containerPortal = 84343A8F2A1302A700BDCD90 /* Project object */;
			proxyType = 1;
			remoteGlobalIDString = 84343A962A1302A700BDCD90;
			remoteInfo = SquareupChallengeProject;
		};
/* End PBXContainerItemProxy section */

/* Begin PBXFileReference section */
		84343A972A1302A700BDCD90 /* SquareupChallengeProject.app */ = {isa = PBXFileReference; explicitFileType = wrapper.application; includeInIndex = 0; path = SquareupChallengeProject.app; sourceTree = BUILT_PRODUCTS_DIR; };
		84343A9A2A1302A700BDCD90 /* AppDelegate.swift */ = {isa = PBXFileReference; lastKnownFileType = sourcecode.swift; path = AppDelegate.swift; sourceTree = "<group>"; };
		84343A9C2A1302A700BDCD90 /* SceneDelegate.swift */ = {isa = PBXFileReference; lastKnownFileType = sourcecode.swift; path = SceneDelegate.swift; sourceTree = "<group>"; };
		84343A9E2A1302A700BDCD90 /* ViewController.swift */ = {isa = PBXFileReference; lastKnownFileType = sourcecode.swift; path = ViewController.swift; sourceTree = "<group>"; };
		84343AA12A1302A700BDCD90 /* Base */ = {isa = PBXFileReference; lastKnownFileType = file.storyboard; name = Base; path = Base.lproj/Main.storyboard; sourceTree = "<group>"; };
		84343AA32A1302A800BDCD90 /* Assets.xcassets */ = {isa = PBXFileReference; lastKnownFileType = folder.assetcatalog; path = Assets.xcassets; sourceTree = "<group>"; };
		84343AA62A1302A800BDCD90 /* Base */ = {isa = PBXFileReference; lastKnownFileType = file.storyboard; name = Base; path = Base.lproj/LaunchScreen.storyboard; sourceTree = "<group>"; };
		84343AA82A1302A800BDCD90 /* Info.plist */ = {isa = PBXFileReference; lastKnownFileType = text.plist.xml; path = Info.plist; sourceTree = "<group>"; };
		84343AAD2A1302A900BDCD90 /* SquareupChallengeProjectTests.xctest */ = {isa = PBXFileReference; explicitFileType = wrapper.cfbundle; includeInIndex = 0; path = SquareupChallengeProjectTests.xctest; sourceTree = BUILT_PRODUCTS_DIR; };
		84343AB12A1302A900BDCD90 /* SquareupChallengeProjectTests.swift */ = {isa = PBXFileReference; lastKnownFileType = sourcecode.swift; path = SquareupChallengeProjectTests.swift; sourceTree = "<group>"; };
		84343AB72A1302A900BDCD90 /* SquareupChallengeProjectUITests.xctest */ = {isa = PBXFileReference; explicitFileType = wrapper.cfbundle; includeInIndex = 0; path = SquareupChallengeProjectUITests.xctest; sourceTree = BUILT_PRODUCTS_DIR; };
		84343ABB2A1302A900BDCD90 /* SquareupChallengeProjectUITests.swift */ = {isa = PBXFileReference; lastKnownFileType = sourcecode.swift; path = SquareupChallengeProjectUITests.swift; sourceTree = "<group>"; };
		84343ABD2A1302A900BDCD90 /* SquareupChallengeProjectUITestsLaunchTests.swift */ = {isa = PBXFileReference; lastKnownFileType = sourcecode.swift; path = SquareupChallengeProjectUITestsLaunchTests.swift; sourceTree = "<group>"; };
/* End PBXFileReference section */

/* Begin PBXFrameworksBuildPhase section */
		84343A942A1302A700BDCD90 /* Frameworks */ = {
			isa = PBXFrameworksBuildPhase;
			buildActionMask = 2147483647;
			files = (
			);
			runOnlyForDeploymentPostprocessing = 0;
		};
		84343AAA2A1302A900BDCD90 /* Frameworks */ = {
			isa = PBXFrameworksBuildPhase;
			buildActionMask = 2147483647;
			files = (
			);
			runOnlyForDeploymentPostprocessing = 0;
		};
		84343AB42A1302A900BDCD90 /* Frameworks */ = {
			isa = PBXFrameworksBuildPhase;
			buildActionMask = 2147483647;
			files = (
			);
			runOnlyForDeploymentPostprocessing = 0;
		};
/* End PBXFrameworksBuildPhase section */

/* Begin PBXGroup section */
		84343A8E2A1302A700BDCD90 = {
			isa = PBXGroup;
			children = (
				84343A992A1302A700BDCD90 /* SquareupChallengeProject */,
				84343AB02A1302A900BDCD90 /* SquareupChallengeProjectTests */,
				84343ABA2A1302A900BDCD90 /* SquareupChallengeProjectUITests */,
				84343A982A1302A700BDCD90 /* Products */,
			);
			sourceTree = "<group>";
		};
		84343A982A1302A700BDCD90 /* Products */ = {
			isa = PBXGroup;
			children = (
				84343A972A1302A700BDCD90 /* SquareupChallengeProject.app */,
				84343AAD2A1302A900BDCD90 /* SquareupChallengeProjectTests.xctest */,
				84343AB72A1302A900BDCD90 /* SquareupChallengeProjectUITests.xctest */,
			);
			name = Products;
			sourceTree = "<group>";
		};
		84343A992A1302A700BDCD90 /* SquareupChallengeProject */ = {
			isa = PBXGroup;
			children = (
				84343A9A2A1302A700BDCD90 /* AppDelegate.swift */,
				84343A9C2A1302A700BDCD90 /* SceneDelegate.swift */,
				84343A9E2A1302A700BDCD90 /* ViewController.swift */,
				84343AA02A1302A700BDCD90 /* Main.storyboard */,
				84343AA32A1302A800BDCD90 /* Assets.xcassets */,
				84343AA52A1302A800BDCD90 /* LaunchScreen.storyboard */,
				84343AA82A1302A800BDCD90 /* Info.plist */,
			);
			path = SquareupChallengeProject;
			sourceTree = "<group>";
		};
		84343AB02A1302A900BDCD90 /* SquareupChallengeProjectTests */ = {
			isa = PBXGroup;
			children = (
				84343AB12A1302A900BDCD90 /* SquareupChallengeProjectTests.swift */,
			);
			path = SquareupChallengeProjectTests;
			sourceTree = "<group>";
		};
		84343ABA2A1302A900BDCD90 /* SquareupChallengeProjectUITests */ = {
			isa = PBXGroup;
			children = (
				84343ABB2A1302A900BDCD90 /* SquareupChallengeProjectUITests.swift */,
				84343ABD2A1302A900BDCD90 /* SquareupChallengeProjectUITestsLaunchTests.swift */,
			);
			path = SquareupChallengeProjectUITests;
			sourceTree = "<group>";
		};
/* End PBXGroup section */

/* Begin PBXNativeTarget section */
		84343A962A1302A700BDCD90 /* SquareupChallengeProject */ = {
			isa = PBXNativeTarget;
			buildConfigurationList = 84343AC12A1302A900BDCD90 /* Build configuration list for PBXNativeTarget "SquareupChallengeProject" */;
			buildPhases = (
				84343A932A1302A700BDCD90 /* Sources */,
				84343A942A1302A700BDCD90 /* Frameworks */,
				84343A952A1302A700BDCD90 /* Resources */,
			);
			buildRules = (
			);
			dependencies = (
			);
			name = SquareupChallengeProject;
			productName = SquareupChallengeProject;
			productReference = 84343A972A1302A700BDCD90 /* SquareupChallengeProject.app */;
			productType = "com.apple.product-type.application";
		};
		84343AAC2A1302A900BDCD90 /* SquareupChallengeProjectTests */ = {
			isa = PBXNativeTarget;
			buildConfigurationList = 84343AC42A1302A900BDCD90 /* Build configuration list for PBXNativeTarget "SquareupChallengeProjectTests" */;
			buildPhases = (
				84343AA92A1302A900BDCD90 /* Sources */,
				84343AAA2A1302A900BDCD90 /* Frameworks */,
				84343AAB2A1302A900BDCD90 /* Resources */,
			);
			buildRules = (
			);
			dependencies = (
				84343AAF2A1302A900BDCD90 /* PBXTargetDependency */,
			);
			name = SquareupChallengeProjectTests;
			productName = SquareupChallengeProjectTests;
			productReference = 84343AAD2A1302A900BDCD90 /* SquareupChallengeProjectTests.xctest */;
			productType = "com.apple.product-type.bundle.unit-test";
		};
		84343AB62A1302A900BDCD90 /* SquareupChallengeProjectUITests */ = {
			isa = PBXNativeTarget;
			buildConfigurationList = 84343AC72A1302A900BDCD90 /* Build configuration list for PBXNativeTarget "SquareupChallengeProjectUITests" */;
			buildPhases = (
				84343AB32A1302A900BDCD90 /* Sources */,
				84343AB42A1302A900BDCD90 /* Frameworks */,
				84343AB52A1302A900BDCD90 /* Resources */,
			);
			buildRules = (
			);
			dependencies = (
				84343AB92A1302A900BDCD90 /* PBXTargetDependency */,
			);
			name = SquareupChallengeProjectUITests;
			productName = SquareupChallengeProjectUITests;
			productReference = 84343AB72A1302A900BDCD90 /* SquareupChallengeProjectUITests.xctest */;
			productType = "com.apple.product-type.bundle.ui-testing";
		};
/* End PBXNativeTarget section */

/* Begin PBXProject section */
		84343A8F2A1302A700BDCD90 /* Project object */ = {
			isa = PBXProject;
			attributes = {
				BuildIndependentTargetsInParallel = 1;
				LastSwiftUpdateCheck = 1420;
				LastUpgradeCheck = 1420;
				TargetAttributes = {
					84343A962A1302A700BDCD90 = {
						CreatedOnToolsVersion = 14.2;
					};
					84343AAC2A1302A900BDCD90 = {
						CreatedOnToolsVersion = 14.2;
						TestTargetID = 84343A962A1302A700BDCD90;
					};
					84343AB62A1302A900BDCD90 = {
						CreatedOnToolsVersion = 14.2;
						TestTargetID = 84343A962A1302A700BDCD90;
					};
				};
			};
			buildConfigurationList = 84343A922A1302A700BDCD90 /* Build configuration list for PBXProject "SquareupChallengeProject" */;
			compatibilityVersion = "Xcode 14.0";
			developmentRegion = en;
			hasScannedForEncodings = 0;
			knownRegions = (
				en,
				Base,
			);
			mainGroup = 84343A8E2A1302A700BDCD90;
			productRefGroup = 84343A982A1302A700BDCD90 /* Products */;
			projectDirPath = "";
			projectRoot = "";
			targets = (
				84343A962A1302A700BDCD90 /* SquareupChallengeProject */,
				84343AAC2A1302A900BDCD90 /* SquareupChallengeProjectTests */,
				84343AB62A1302A900BDCD90 /* SquareupChallengeProjectUITests */,
			);
		};
/* End PBXProject section */

/* Begin PBXResourcesBuildPhase section */
		84343A952A1302A700BDCD90 /* Resources */ = {
			isa = PBXResourcesBuildPhase;
			buildActionMask = 2147483647;
			files = (
				84343AA72A1302A800BDCD90 /* LaunchScreen.storyboard in Resources */,
				84343AA42A1302A800BDCD90 /* Assets.xcassets in Resources */,
				84343AA22A1302A700BDCD90 /* Main.storyboard in Resources */,
			);
			runOnlyForDeploymentPostprocessing = 0;
		};
		84343AAB2A1302A900BDCD90 /* Resources */ = {
			isa = PBXResourcesBuildPhase;
			buildActionMask = 2147483647;
			files = (
			);
			runOnlyForDeploymentPostprocessing = 0;
		};
		84343AB52A1302A900BDCD90 /* Resources */ = {
			isa = PBXResourcesBuildPhase;
			buildActionMask = 2147483647;
			files = (
			);
			runOnlyForDeploymentPostprocessing = 0;
		};
/* End PBXResourcesBuildPhase section */

/* Begin PBXSourcesBuildPhase section */
		84343A932A1302A700BDCD90 /* Sources */ = {
			isa = PBXSourcesBuildPhase;
			buildActionMask = 2147483647;
			files = (
				84343A9F2A1302A700BDCD90 /* ViewController.swift in Sources */,
				84343A9B2A1302A700BDCD90 /* AppDelegate.swift in Sources */,
				84343A9D2A1302A700BDCD90 /* SceneDelegate.swift in Sources */,
			);
			runOnlyForDeploymentPostprocessing = 0;
		};
		84343AA92A1302A900BDCD90 /* Sources */ = {
			isa = PBXSourcesBuildPhase;
			buildActionMask = 2147483647;
			files = (
				84343AB22A1302A900BDCD90 /* SquareupChallengeProjectTests.swift in Sources */,
			);
			runOnlyForDeploymentPostprocessing = 0;
		};
		84343AB32A1302A900BDCD90 /* Sources */ = {
			isa = PBXSourcesBuildPhase;
			buildActionMask = 2147483647;
			files = (
				84343ABE2A1302A900BDCD90 /* SquareupChallengeProjectUITestsLaunchTests.swift in Sources */,
				84343ABC2A1302A900BDCD90 /* SquareupChallengeProjectUITests.swift in Sources */,
			);
			runOnlyForDeploymentPostprocessing = 0;
		};
/* End PBXSourcesBuildPhase section */

/* Begin PBXTargetDependency section */
		84343AAF2A1302A900BDCD90 /* PBXTargetDependency */ = {
			isa = PBXTargetDependency;
			target = 84343A962A1302A700BDCD90 /* SquareupChallengeProject */;
			targetProxy = 84343AAE2A1302A900BDCD90 /* PBXContainerItemProxy */;
		};
		84343AB92A1302A900BDCD90 /* PBXTargetDependency */ = {
			isa = PBXTargetDependency;
			target = 84343A962A1302A700BDCD90 /* SquareupChallengeProject */;
			targetProxy = 84343AB82A1302A900BDCD90 /* PBXContainerItemProxy */;
		};
/* End PBXTargetDependency section */

/* Begin PBXVariantGroup section */
		84343AA02A1302A700BDCD90 /* Main.storyboard */ = {
			isa = PBXVariantGroup;
			children = (
				84343AA12A1302A700BDCD90 /* Base */,
			);
			name = Main.storyboard;
			sourceTree = "<group>";
		};
		84343AA52A1302A800BDCD90 /* LaunchScreen.storyboard */ = {
			isa = PBXVariantGroup;
			children = (
				84343AA62A1302A800BDCD90 /* Base */,
			);
			name = LaunchScreen.storyboard;
			sourceTree = "<group>";
		};
/* End PBXVariantGroup section */

/* Begin XCBuildConfiguration section */
		84343ABF2A1302A900BDCD90 /* Debug */ = {
			isa = XCBuildConfiguration;
			buildSettings = {
				ALWAYS_SEARCH_USER_PATHS = NO;
				CLANG_ANALYZER_NONNULL = YES;
				CLANG_ANALYZER_NUMBER_OBJECT_CONVERSION = YES_AGGRESSIVE;
				CLANG_CXX_LANGUAGE_STANDARD = "gnu++20";
				CLANG_ENABLE_MODULES = YES;
				CLANG_ENABLE_OBJC_ARC = YES;
				CLANG_ENABLE_OBJC_WEAK = YES;
				CLANG_WARN_BLOCK_CAPTURE_AUTORELEASING = YES;
				CLANG_WARN_BOOL_CONVERSION = YES;
				CLANG_WARN_COMMA = YES;
				CLANG_WARN_CONSTANT_CONVERSION = YES;
				CLANG_WARN_DEPRECATED_OBJC_IMPLEMENTATIONS = YES;
				CLANG_WARN_DIRECT_OBJC_ISA_USAGE = YES_ERROR;
				CLANG_WARN_DOCUMENTATION_COMMENTS = YES;
				CLANG_WARN_EMPTY_BODY = YES;
				CLANG_WARN_ENUM_CONVERSION = YES;
				CLANG_WARN_INFINITE_RECURSION = YES;
				CLANG_WARN_INT_CONVERSION = YES;
				CLANG_WARN_NON_LITERAL_NULL_CONVERSION = YES;
				CLANG_WARN_OBJC_IMPLICIT_RETAIN_SELF = YES;
				CLANG_WARN_OBJC_LITERAL_CONVERSION = YES;
				CLANG_WARN_OBJC_ROOT_CLASS = YES_ERROR;
				CLANG_WARN_QUOTED_INCLUDE_IN_FRAMEWORK_HEADER = YES;
				CLANG_WARN_RANGE_LOOP_ANALYSIS = YES;
				CLANG_WARN_STRICT_PROTOTYPES = YES;
				CLANG_WARN_SUSPICIOUS_MOVE = YES;
				CLANG_WARN_UNGUARDED_AVAILABILITY = YES_AGGRESSIVE;
				CLANG_WARN_UNREACHABLE_CODE = YES;
				CLANG_WARN__DUPLICATE_METHOD_MATCH = YES;
				COPY_PHASE_STRIP = NO;
				DEBUG_INFORMATION_FORMAT = dwarf;
				ENABLE_STRICT_OBJC_MSGSEND = YES;
				ENABLE_TESTABILITY = YES;
				GCC_C_LANGUAGE_STANDARD = gnu11;
				GCC_DYNAMIC_NO_PIC = NO;
				GCC_NO_COMMON_BLOCKS = YES;
				GCC_OPTIMIZATION_LEVEL = 0;
				GCC_PREPROCESSOR_DEFINITIONS = (
					"DEBUG=1",
					"$(inherited)",
				);
				GCC_WARN_64_TO_32_BIT_CONVERSION = YES;
				GCC_WARN_ABOUT_RETURN_TYPE = YES_ERROR;
				GCC_WARN_UNDECLARED_SELECTOR = YES;
				GCC_WARN_UNINITIALIZED_AUTOS = YES_AGGRESSIVE;
				GCC_WARN_UNUSED_FUNCTION = YES;
				GCC_WARN_UNUSED_VARIABLE = YES;
				IPHONEOS_DEPLOYMENT_TARGET = 16.2;
				MTL_ENABLE_DEBUG_INFO = INCLUDE_SOURCE;
				MTL_FAST_MATH = YES;
				ONLY_ACTIVE_ARCH = YES;
				SDKROOT = iphoneos;
				SWIFT_ACTIVE_COMPILATION_CONDITIONS = DEBUG;
				SWIFT_OPTIMIZATION_LEVEL = "-Onone";
			};
			name = Debug;
		};
		84343AC02A1302A900BDCD90 /* Release */ = {
			isa = XCBuildConfiguration;
			buildSettings = {
				ALWAYS_SEARCH_USER_PATHS = NO;
				CLANG_ANALYZER_NONNULL = YES;
				CLANG_ANALYZER_NUMBER_OBJECT_CONVERSION = YES_AGGRESSIVE;
				CLANG_CXX_LANGUAGE_STANDARD = "gnu++20";
				CLANG_ENABLE_MODULES = YES;
				CLANG_ENABLE_OBJC_ARC = YES;
				CLANG_ENABLE_OBJC_WEAK = YES;
				CLANG_WARN_BLOCK_CAPTURE_AUTORELEASING = YES;
				CLANG_WARN_BOOL_CONVERSION = YES;
				CLANG_WARN_COMMA = YES;
				CLANG_WARN_CONSTANT_CONVERSION = YES;
				CLANG_WARN_DEPRECATED_OBJC_IMPLEMENTATIONS = YES;
				CLANG_WARN_DIRECT_OBJC_ISA_USAGE = YES_ERROR;
				CLANG_WARN_DOCUMENTATION_COMMENTS = YES;
				CLANG_WARN_EMPTY_BODY = YES;
				CLANG_WARN_ENUM_CONVERSION = YES;
				CLANG_WARN_INFINITE_RECURSION = YES;
				CLANG_WARN_INT_CONVERSION = YES;
				CLANG_WARN_NON_LITERAL_NULL_CONVERSION = YES;
				CLANG_WARN_OBJC_IMPLICIT_RETAIN_SELF = YES;
				CLANG_WARN_OBJC_LITERAL_CONVERSION = YES;
				CLANG_WARN_OBJC_ROOT_CLASS = YES_ERROR;
				CLANG_WARN_QUOTED_INCLUDE_IN_FRAMEWORK_HEADER = YES;
				CLANG_WARN_RANGE_LOOP_ANALYSIS = YES;
				CLANG_WARN_STRICT_PROTOTYPES = YES;
				CLANG_WARN_SUSPICIOUS_MOVE = YES;
				CLANG_WARN_UNGUARDED_AVAILABILITY = YES_AGGRESSIVE;
				CLANG_WARN_UNREACHABLE_CODE = YES;
				CLANG_WARN__DUPLICATE_METHOD_MATCH = YES;
				COPY_PHASE_STRIP = NO;
				DEBUG_INFORMATION_FORMAT = "dwarf-with-dsym";
				ENABLE_NS_ASSERTIONS = NO;
				ENABLE_STRICT_OBJC_MSGSEND = YES;
				GCC_C_LANGUAGE_STANDARD = gnu11;
				GCC_NO_COMMON_BLOCKS = YES;
				GCC_WARN_64_TO_32_BIT_CONVERSION = YES;
				GCC_WARN_ABOUT_RETURN_TYPE = YES_ERROR;
				GCC_WARN_UNDECLARED_SELECTOR = YES;
				GCC_WARN_UNINITIALIZED_AUTOS = YES_AGGRESSIVE;
				GCC_WARN_UNUSED_FUNCTION = YES;
				GCC_WARN_UNUSED_VARIABLE = YES;
				IPHONEOS_DEPLOYMENT_TARGET = 16.2;
				MTL_ENABLE_DEBUG_INFO = NO;
				MTL_FAST_MATH = YES;
				SDKROOT = iphoneos;
				SWIFT_COMPILATION_MODE = wholemodule;
				SWIFT_OPTIMIZATION_LEVEL = "-O";
				VALIDATE_PRODUCT = YES;
			};
			name = Release;
		};
		84343AC22A1302A900BDCD90 /* Debug */ = {
			isa = XCBuildConfiguration;
			buildSettings = {
				ASSETCATALOG_COMPILER_APPICON_NAME = AppIcon;
				ASSETCATALOG_COMPILER_GLOBAL_ACCENT_COLOR_NAME = AccentColor;
				CODE_SIGN_STYLE = Automatic;
				CURRENT_PROJECT_VERSION = 1;
				GENERATE_INFOPLIST_FILE = YES;
				INFOPLIST_FILE = SquareupChallengeProject/Info.plist;
				INFOPLIST_KEY_UIApplicationSupportsIndirectInputEvents = YES;
				INFOPLIST_KEY_UILaunchStoryboardName = LaunchScreen;
				INFOPLIST_KEY_UIMainStoryboardFile = Main;
				INFOPLIST_KEY_UISupportedInterfaceOrientations_iPad = "UIInterfaceOrientationPortrait UIInterfaceOrientationPortraitUpsideDown UIInterfaceOrientationLandscapeLeft UIInterfaceOrientationLandscapeRight";
				INFOPLIST_KEY_UISupportedInterfaceOrientations_iPhone = "UIInterfaceOrientationPortrait UIInterfaceOrientationLandscapeLeft UIInterfaceOrientationLandscapeRight";
				LD_RUNPATH_SEARCH_PATHS = (
					"$(inherited)",
					"@executable_path/Frameworks",
				);
				MARKETING_VERSION = 1.0;
				PRODUCT_BUNDLE_IDENTIFIER = com.squareup.SquareupChallengeProject;
				PRODUCT_NAME = "$(TARGET_NAME)";
				SWIFT_EMIT_LOC_STRINGS = YES;
				SWIFT_VERSION = 5.0;
				TARGETED_DEVICE_FAMILY = "1,2";
			};
			name = Debug;
		};
		84343AC32A1302A900BDCD90 /* Release */ = {
			isa = XCBuildConfiguration;
			buildSettings = {
				ASSETCATALOG_COMPILER_APPICON_NAME = AppIcon;
				ASSETCATALOG_COMPILER_GLOBAL_ACCENT_COLOR_NAME = AccentColor;
				CODE_SIGN_STYLE = Automatic;
				CURRENT_PROJECT_VERSION = 1;
				GENERATE_INFOPLIST_FILE = YES;
				INFOPLIST_FILE = SquareupChallengeProject/Info.plist;
				INFOPLIST_KEY_UIApplicationSupportsIndirectInputEvents = YES;
				INFOPLIST_KEY_UILaunchStoryboardName = LaunchScreen;
				INFOPLIST_KEY_UIMainStoryboardFile = Main;
				INFOPLIST_KEY_UISupportedInterfaceOrientations_iPad = "UIInterfaceOrientationPortrait UIInterfaceOrientationPortraitUpsideDown UIInterfaceOrientationLandscapeLeft UIInterfaceOrientationLandscapeRight";
				INFOPLIST_KEY_UISupportedInterfaceOrientations_iPhone = "UIInterfaceOrientationPortrait UIInterfaceOrientationLandscapeLeft UIInterfaceOrientationLandscapeRight";
				LD_RUNPATH_SEARCH_PATHS = (
					"$(inherited)",
					"@executable_path/Frameworks",
				);
				MARKETING_VERSION = 1.0;
				PRODUCT_BUNDLE_IDENTIFIER = com.squareup.SquareupChallengeProject;
				PRODUCT_NAME = "$(TARGET_NAME)";
				SWIFT_EMIT_LOC_STRINGS = YES;
				SWIFT_VERSION = 5.0;
				TARGETED_DEVICE_FAMILY = "1,2";
			};
			name = Release;
		};
		84343AC52A1302A900BDCD90 /* Debug */ = {
			isa = XCBuildConfiguration;
			buildSettings = {
				ALWAYS_EMBED_SWIFT_STANDARD_LIBRARIES = YES;
				BUNDLE_LOADER = "$(TEST_HOST)";
				CODE_SIGN_STYLE = Automatic;
				CURRENT_PROJECT_VERSION = 1;
				GENERATE_INFOPLIST_FILE = YES;
				IPHONEOS_DEPLOYMENT_TARGET = 16.2;
				MARKETING_VERSION = 1.0;
				PRODUCT_BUNDLE_IDENTIFIER = com.squareup.SquareupChallengeProjectTests;
				PRODUCT_NAME = "$(TARGET_NAME)";
				SWIFT_EMIT_LOC_STRINGS = NO;
				SWIFT_VERSION = 5.0;
				TARGETED_DEVICE_FAMILY = "1,2";
				TEST_HOST = "$(BUILT_PRODUCTS_DIR)/SquareupChallengeProject.app/$(BUNDLE_EXECUTABLE_FOLDER_PATH)/SquareupChallengeProject";
			};
			name = Debug;
		};
		84343AC62A1302A900BDCD90 /* Release */ = {
			isa = XCBuildConfiguration;
			buildSettings = {
				ALWAYS_EMBED_SWIFT_STANDARD_LIBRARIES = YES;
				BUNDLE_LOADER = "$(TEST_HOST)";
				CODE_SIGN_STYLE = Automatic;
				CURRENT_PROJECT_VERSION = 1;
				GENERATE_INFOPLIST_FILE = YES;
				IPHONEOS_DEPLOYMENT_TARGET = 16.2;
				MARKETING_VERSION = 1.0;
				PRODUCT_BUNDLE_IDENTIFIER = com.squareup.SquareupChallengeProjectTests;
				PRODUCT_NAME = "$(TARGET_NAME)";
				SWIFT_EMIT_LOC_STRINGS = NO;
				SWIFT_VERSION = 5.0;
				TARGETED_DEVICE_FAMILY = "1,2";
				TEST_HOST = "$(BUILT_PRODUCTS_DIR)/SquareupChallengeProject.app/$(BUNDLE_EXECUTABLE_FOLDER_PATH)/SquareupChallengeProject";
			};
			name = Release;
		};
		84343AC82A1302A900BDCD90 /* Debug */ = {
			isa = XCBuildConfiguration;
			buildSettings = {
				ALWAYS_EMBED_SWIFT_STANDARD_LIBRARIES = YES;
				CODE_SIGN_STYLE = Automatic;
				CURRENT_PROJECT_VERSION = 1;
				GENERATE_INFOPLIST_FILE = YES;
				MARKETING_VERSION = 1.0;
				PRODUCT_BUNDLE_IDENTIFIER = com.squareup.SquareupChallengeProjectUITests;
				PRODUCT_NAME = "$(TARGET_NAME)";
				SWIFT_EMIT_LOC_STRINGS = NO;
				SWIFT_VERSION = 5.0;
				TARGETED_DEVICE_FAMILY = "1,2";
				TEST_TARGET_NAME = SquareupChallengeProject;
			};
			name = Debug;
		};
		84343AC92A1302A900BDCD90 /* Release */ = {
			isa = XCBuildConfiguration;
			buildSettings = {
				ALWAYS_EMBED_SWIFT_STANDARD_LIBRARIES = YES;
				CODE_SIGN_STYLE = Automatic;
				CURRENT_PROJECT_VERSION = 1;
				GENERATE_INFOPLIST_FILE = YES;
				MARKETING_VERSION = 1.0;
				PRODUCT_BUNDLE_IDENTIFIER = com.squareup.SquareupChallengeProjectUITests;
				PRODUCT_NAME = "$(TARGET_NAME)";
				SWIFT_EMIT_LOC_STRINGS = NO;
				SWIFT_VERSION = 5.0;
				TARGETED_DEVICE_FAMILY = "1,2";
				TEST_TARGET_NAME = SquareupChallengeProject;
			};
			name = Release;
		};
/* End XCBuildConfiguration section */

/* Begin XCConfigurationList section */
		84343A922A1302A700BDCD90 /* Build configuration list for PBXProject "SquareupChallengeProject" */ = {
			isa = XCConfigurationList;
			buildConfigurations = (
				84343ABF2A1302A900BDCD90 /* Debug */,
				84343AC02A1302A900BDCD90 /* Release */,
			);
			defaultConfigurationIsVisible = 0;
			defaultConfigurationName = Release;
		};
		84343AC12A1302A900BDCD90 /* Build configuration list for PBXNativeTarget "SquareupChallengeProject" */ = {
			isa = XCConfigurationList;
			buildConfigurations = (
				84343AC22A1302A900BDCD90 /* Debug */,
				84343AC32A1302A900BDCD90 /* Release */,
			);
			defaultConfigurationIsVisible = 0;
			defaultConfigurationName = Release;
		};
		84343AC42A1302A900BDCD90 /* Build configuration list for PBXNativeTarget "SquareupChallengeProjectTests" */ = {
			isa = XCConfigurationList;
			buildConfigurations = (
				84343AC52A1302A900BDCD90 /* Debug */,
				84343AC62A1302A900BDCD90 /* Release */,
			);
			defaultConfigurationIsVisible = 0;
			defaultConfigurationName = Release;
		};
		84343AC72A1302A900BDCD90 /* Build configuration list for PBXNativeTarget "SquareupChallengeProjectUITests" */ = {
			isa = XCConfigurationList;
			buildConfigurations = (
				84343AC82A1302A900BDCD90 /* Debug */,
				84343AC92A1302A900BDCD90 /* Release */,
			);
			defaultConfigurationIsVisible = 0;
			defaultConfigurationName = Release;
		};
/* End XCConfigurationList section */
	};
	rootObject = 84343A8F2A1302A700BDCD90 /* Project object */;
}
